
Microsoft Visual Studio Solution File, Format Version 12.00
# Visual Studio Version 16
VisualStudioVersion = 16.0.29709.97
MinimumVisualStudioVersion = 10.0.40219.1
Project("{FAE04EC0-301F-11D3-BF4B-00C04F79EFBC}") = "ShortCodingTest2", "ShortCodingTest2\ShortCodingTest2.csproj", "{81CAC320-01D1-4D90-B348-E50C1341B4C0}"
EndProject
Global
	GlobalSection(SolutionConfigurationPlatforms) = preSolution
		Debug|Any CPU = Debug|Any CPU
		Release|Any CPU = Release|Any CPU
	EndGlobalSection
	GlobalSection(ProjectConfigurationPlatforms) = postSolution
		{81CAC320-01D1-4D90-B348-E50C1341B4C0}.Debug|Any CPU.ActiveCfg = Debug|Any CPU
		{81CAC320-01D1-4D90-B348-E50C1341B4C0}.Debug|Any CPU.Build.0 = Debug|Any CPU
		{81CAC320-01D1-4D90-B348-E50C1341B4C0}.Release|Any CPU.ActiveCfg = Release|Any CPU
		{81CAC320-01D1-4D90-B348-E50C1341B4C0}.Release|Any CPU.Build.0 = Release|Any CPU
	EndGlobalSection
	GlobalSection(SolutionProperties) = preSolution
		HideSolutionNode = FALSE
	EndGlobalSection
	GlobalSection(ExtensibilityGlobals) = postSolution
		SolutionGuid = {979C5DEB-264E-433A-BDF8-FEBEE23FE3BA}
	EndGlobalSection
EndGlobal
